// !$*UTF8*$!
{
	archiveVersion = 1;
	classes = {
	};
	objectVersion = 46;
	objects = {

/* Begin PBXBuildFile section */
		1AAF52856CC041D2999D788C /* libPods.a in Frameworks */ = {isa = PBXBuildFile; fileRef = D907E511CD24461890FD8523 /* libPods.a */; };
		FFB73F2A17E4B851006B3796 /* Foundation.framework in Frameworks */ = {isa = PBXBuildFile; fileRef = FFB73F2917E4B851006B3796 /* Foundation.framework */; };
		FFB73F2C17E4B851006B3796 /* CoreGraphics.framework in Frameworks */ = {isa = PBXBuildFile; fileRef = FFB73F2B17E4B851006B3796 /* CoreGraphics.framework */; };
		FFB73F2E17E4B851006B3796 /* UIKit.framework in Frameworks */ = {isa = PBXBuildFile; fileRef = FFB73F2D17E4B851006B3796 /* UIKit.framework */; };
		FFB73F3417E4B851006B3796 /* InfoPlist.strings in Resources */ = {isa = PBXBuildFile; fileRef = FFB73F3217E4B851006B3796 /* InfoPlist.strings */; };
		FFB73F3617E4B851006B3796 /* main.m in Sources */ = {isa = PBXBuildFile; fileRef = FFB73F3517E4B851006B3796 /* main.m */; };
		FFB73F3A17E4B851006B3796 /* LFSAppDelegate.m in Sources */ = {isa = PBXBuildFile; fileRef = FFB73F3917E4B851006B3796 /* LFSAppDelegate.m */; };
		FFB73F3C17E4B851006B3796 /* Images.xcassets in Resources */ = {isa = PBXBuildFile; fileRef = FFB73F3B17E4B851006B3796 /* Images.xcassets */; };
		FFB73F5B17E4B8A6006B3796 /* LFSCollectionViewController.m in Sources */ = {isa = PBXBuildFile; fileRef = FFB73F5917E4B8A6006B3796 /* LFSCollectionViewController.m */; };
		FFB73F5C17E4B8A6006B3796 /* LFSCollectionViewController.xib in Resources */ = {isa = PBXBuildFile; fileRef = FFB73F5A17E4B8A6006B3796 /* LFSCollectionViewController.xib */; };
		FFB73F5F17E4BA82006B3796 /* LFSCollectionViewCell.m in Sources */ = {isa = PBXBuildFile; fileRef = FFB73F5E17E4BA82006B3796 /* LFSCollectionViewCell.m */; };
		FFB83E3417E5F25A0090EA9B /* LFSMoviePlayerViewController.m in Sources */ = {isa = PBXBuildFile; fileRef = FFB83E3317E5F25A0090EA9B /* LFSMoviePlayerViewController.m */; };
		FFB83E3617E5F27B0090EA9B /* MediaPlayer.framework in Frameworks */ = {isa = PBXBuildFile; fileRef = FFB83E3517E5F27B0090EA9B /* MediaPlayer.framework */; };
		FFB83E3817E5F2DC0090EA9B /* sample.mov in Resources */ = {isa = PBXBuildFile; fileRef = FFB83E3717E5F2DC0090EA9B /* sample.mov */; };
		FFB83E3A17E5F4F70090EA9B /* AVFoundation.framework in Frameworks */ = {isa = PBXBuildFile; fileRef = FFB83E3917E5F4F70090EA9B /* AVFoundation.framework */; };
/* End PBXBuildFile section */

/* Begin PBXFileReference section */
		AAAD97F714524099B510F59F /* Pods.xcconfig */ = {isa = PBXFileReference; includeInIndex = 1; lastKnownFileType = text.xcconfig; name = Pods.xcconfig; path = Pods/Pods.xcconfig; sourceTree = SOURCE_ROOT; };
		D907E511CD24461890FD8523 /* libPods.a */ = {isa = PBXFileReference; explicitFileType = archive.ar; includeInIndex = 0; path = libPods.a; sourceTree = BUILT_PRODUCTS_DIR; };
		FFB73F2617E4B851006B3796 /* LiveFrost-Sample.app */ = {isa = PBXFileReference; explicitFileType = wrapper.application; includeInIndex = 0; path = "LiveFrost-Sample.app"; sourceTree = BUILT_PRODUCTS_DIR; };
		FFB73F2917E4B851006B3796 /* Foundation.framework */ = {isa = PBXFileReference; lastKnownFileType = wrapper.framework; name = Foundation.framework; path = System/Library/Frameworks/Foundation.framework; sourceTree = SDKROOT; };
		FFB73F2B17E4B851006B3796 /* CoreGraphics.framework */ = {isa = PBXFileReference; lastKnownFileType = wrapper.framework; name = CoreGraphics.framework; path = System/Library/Frameworks/CoreGraphics.framework; sourceTree = SDKROOT; };
		FFB73F2D17E4B851006B3796 /* UIKit.framework */ = {isa = PBXFileReference; lastKnownFileType = wrapper.framework; name = UIKit.framework; path = System/Library/Frameworks/UIKit.framework; sourceTree = SDKROOT; };
		FFB73F3117E4B851006B3796 /* LiveFrost-Sample-Info.plist */ = {isa = PBXFileReference; lastKnownFileType = text.plist.xml; path = "LiveFrost-Sample-Info.plist"; sourceTree = "<group>"; };
		FFB73F3317E4B851006B3796 /* en */ = {isa = PBXFileReference; lastKnownFileType = text.plist.strings; name = en; path = en.lproj/InfoPlist.strings; sourceTree = "<group>"; };
		FFB73F3517E4B851006B3796 /* main.m */ = {isa = PBXFileReference; lastKnownFileType = sourcecode.c.objc; path = main.m; sourceTree = "<group>"; };
		FFB73F3717E4B851006B3796 /* LiveFrost-Sample-Prefix.pch */ = {isa = PBXFileReference; lastKnownFileType = sourcecode.c.h; path = "LiveFrost-Sample-Prefix.pch"; sourceTree = "<group>"; };
		FFB73F3817E4B851006B3796 /* LFSAppDelegate.h */ = {isa = PBXFileReference; lastKnownFileType = sourcecode.c.h; path = LFSAppDelegate.h; sourceTree = "<group>"; };
		FFB73F3917E4B851006B3796 /* LFSAppDelegate.m */ = {isa = PBXFileReference; lastKnownFileType = sourcecode.c.objc; path = LFSAppDelegate.m; sourceTree = "<group>"; };
		FFB73F3B17E4B851006B3796 /* Images.xcassets */ = {isa = PBXFileReference; lastKnownFileType = folder.assetcatalog; path = Images.xcassets; sourceTree = "<group>"; };
		FFB73F4217E4B851006B3796 /* XCTest.framework */ = {isa = PBXFileReference; lastKnownFileType = wrapper.framework; name = XCTest.framework; path = Library/Frameworks/XCTest.framework; sourceTree = DEVELOPER_DIR; };
		FFB73F5817E4B8A6006B3796 /* LFSCollectionViewController.h */ = {isa = PBXFileReference; fileEncoding = 4; lastKnownFileType = sourcecode.c.h; path = LFSCollectionViewController.h; sourceTree = "<group>"; };
		FFB73F5917E4B8A6006B3796 /* LFSCollectionViewController.m */ = {isa = PBXFileReference; fileEncoding = 4; lastKnownFileType = sourcecode.c.objc; path = LFSCollectionViewController.m; sourceTree = "<group>"; };
		FFB73F5A17E4B8A6006B3796 /* LFSCollectionViewController.xib */ = {isa = PBXFileReference; fileEncoding = 4; lastKnownFileType = file.xib; path = LFSCollectionViewController.xib; sourceTree = "<group>"; };
		FFB73F5D17E4BA82006B3796 /* LFSCollectionViewCell.h */ = {isa = PBXFileReference; fileEncoding = 4; lastKnownFileType = sourcecode.c.h; path = LFSCollectionViewCell.h; sourceTree = "<group>"; };
		FFB73F5E17E4BA82006B3796 /* LFSCollectionViewCell.m */ = {isa = PBXFileReference; fileEncoding = 4; lastKnownFileType = sourcecode.c.objc; path = LFSCollectionViewCell.m; sourceTree = "<group>"; };
		FFB83E3017E5EEBE0090EA9B /* CoreMotion.framework */ = {isa = PBXFileReference; lastKnownFileType = wrapper.framework; name = CoreMotion.framework; path = System/Library/Frameworks/CoreMotion.framework; sourceTree = SDKROOT; };
		FFB83E3217E5F25A0090EA9B /* LFSMoviePlayerViewController.h */ = {isa = PBXFileReference; fileEncoding = 4; lastKnownFileType = sourcecode.c.h; path = LFSMoviePlayerViewController.h; sourceTree = "<group>"; };
		FFB83E3317E5F25A0090EA9B /* LFSMoviePlayerViewController.m */ = {isa = PBXFileReference; fileEncoding = 4; lastKnownFileType = sourcecode.c.objc; path = LFSMoviePlayerViewController.m; sourceTree = "<group>"; };
		FFB83E3517E5F27B0090EA9B /* MediaPlayer.framework */ = {isa = PBXFileReference; lastKnownFileType = wrapper.framework; name = MediaPlayer.framework; path = System/Library/Frameworks/MediaPlayer.framework; sourceTree = SDKROOT; };
		FFB83E3717E5F2DC0090EA9B /* sample.mov */ = {isa = PBXFileReference; lastKnownFileType = video.quicktime; name = sample.mov; path = ../../../Desktop/sample.mov; sourceTree = "<group>"; };
		FFB83E3917E5F4F70090EA9B /* AVFoundation.framework */ = {isa = PBXFileReference; lastKnownFileType = wrapper.framework; name = AVFoundation.framework; path = System/Library/Frameworks/AVFoundation.framework; sourceTree = SDKROOT; };
/* End PBXFileReference section */

/* Begin PBXFrameworksBuildPhase section */
		FFB73F2317E4B851006B3796 /* Frameworks */ = {
			isa = PBXFrameworksBuildPhase;
			buildActionMask = 2147483647;
			files = (
				FFB83E3A17E5F4F70090EA9B /* AVFoundation.framework in Frameworks */,
				FFB83E3617E5F27B0090EA9B /* MediaPlayer.framework in Frameworks */,
				FFB73F2C17E4B851006B3796 /* CoreGraphics.framework in Frameworks */,
				FFB73F2E17E4B851006B3796 /* UIKit.framework in Frameworks */,
				FFB73F2A17E4B851006B3796 /* Foundation.framework in Frameworks */,
				1AAF52856CC041D2999D788C /* libPods.a in Frameworks */,
			);
			runOnlyForDeploymentPostprocessing = 0;
		};
/* End PBXFrameworksBuildPhase section */

/* Begin PBXGroup section */
		FFB73F1D17E4B850006B3796 = {
			isa = PBXGroup;
			children = (
				FFB73F2F17E4B851006B3796 /* LiveFrost-Sample */,
				FFB83E3717E5F2DC0090EA9B /* sample.mov */,
				FFB73F2817E4B851006B3796 /* Frameworks */,
				FFB73F2717E4B851006B3796 /* Products */,
				AAAD97F714524099B510F59F /* Pods.xcconfig */,
			);
			sourceTree = "<group>";
		};
		FFB73F2717E4B851006B3796 /* Products */ = {
			isa = PBXGroup;
			children = (
				FFB73F2617E4B851006B3796 /* LiveFrost-Sample.app */,
			);
			name = Products;
			sourceTree = "<group>";
		};
		FFB73F2817E4B851006B3796 /* Frameworks */ = {
			isa = PBXGroup;
			children = (
				FFB83E3917E5F4F70090EA9B /* AVFoundation.framework */,
				FFB83E3517E5F27B0090EA9B /* MediaPlayer.framework */,
				FFB83E3017E5EEBE0090EA9B /* CoreMotion.framework */,
				FFB73F2917E4B851006B3796 /* Foundation.framework */,
				FFB73F2B17E4B851006B3796 /* CoreGraphics.framework */,
				FFB73F2D17E4B851006B3796 /* UIKit.framework */,
				FFB73F4217E4B851006B3796 /* XCTest.framework */,
				D907E511CD24461890FD8523 /* libPods.a */,
			);
			name = Frameworks;
			sourceTree = "<group>";
		};
		FFB73F2F17E4B851006B3796 /* LiveFrost-Sample */ = {
			isa = PBXGroup;
			children = (
				FFB73F3817E4B851006B3796 /* LFSAppDelegate.h */,
				FFB73F3917E4B851006B3796 /* LFSAppDelegate.m */,
				FFB73F5817E4B8A6006B3796 /* LFSCollectionViewController.h */,
				FFB73F5917E4B8A6006B3796 /* LFSCollectionViewController.m */,
				FFB73F5A17E4B8A6006B3796 /* LFSCollectionViewController.xib */,
				FFB83E3217E5F25A0090EA9B /* LFSMoviePlayerViewController.h */,
				FFB83E3317E5F25A0090EA9B /* LFSMoviePlayerViewController.m */,
				FFB73F5D17E4BA82006B3796 /* LFSCollectionViewCell.h */,
				FFB73F5E17E4BA82006B3796 /* LFSCollectionViewCell.m */,
				FFB73F3B17E4B851006B3796 /* Images.xcassets */,
				FFB73F3017E4B851006B3796 /* Supporting Files */,
			);
			path = "LiveFrost-Sample";
			sourceTree = "<group>";
		};
		FFB73F3017E4B851006B3796 /* Supporting Files */ = {
			isa = PBXGroup;
			children = (
				FFB73F3117E4B851006B3796 /* LiveFrost-Sample-Info.plist */,
				FFB73F3217E4B851006B3796 /* InfoPlist.strings */,
				FFB73F3517E4B851006B3796 /* main.m */,
				FFB73F3717E4B851006B3796 /* LiveFrost-Sample-Prefix.pch */,
			);
			name = "Supporting Files";
			sourceTree = "<group>";
		};
/* End PBXGroup section */

/* Begin PBXNativeTarget section */
		FFB73F2517E4B851006B3796 /* LiveFrost-Sample */ = {
			isa = PBXNativeTarget;
			buildConfigurationList = FFB73F5217E4B851006B3796 /* Build configuration list for PBXNativeTarget "LiveFrost-Sample" */;
			buildPhases = (
				5714F87FDB764B75A42391E8 /* Check Pods Manifest.lock */,
				FFB73F2217E4B851006B3796 /* Sources */,
				FFB73F2317E4B851006B3796 /* Frameworks */,
				FFB73F2417E4B851006B3796 /* Resources */,
				3C23E36B9B9D482EBAB84173 /* Copy Pods Resources */,
			);
			buildRules = (
			);
			dependencies = (
			);
			name = "LiveFrost-Sample";
			productName = "LiveFrost-Sample";
			productReference = FFB73F2617E4B851006B3796 /* LiveFrost-Sample.app */;
			productType = "com.apple.product-type.application";
		};
/* End PBXNativeTarget section */

/* Begin PBXProject section */
		FFB73F1E17E4B850006B3796 /* Project object */ = {
			isa = PBXProject;
			attributes = {
				CLASSPREFIX = LFS;
				LastUpgradeCheck = 0500;
				ORGANIZATIONNAME = "Radius Development";
			};
			buildConfigurationList = FFB73F2117E4B850006B3796 /* Build configuration list for PBXProject "LiveFrost-Sample" */;
			compatibilityVersion = "Xcode 3.2";
			developmentRegion = English;
			hasScannedForEncodings = 0;
			knownRegions = (
				en,
			);
			mainGroup = FFB73F1D17E4B850006B3796;
			productRefGroup = FFB73F2717E4B851006B3796 /* Products */;
			projectDirPath = "";
			projectRoot = "";
			targets = (
				FFB73F2517E4B851006B3796 /* LiveFrost-Sample */,
			);
		};
/* End PBXProject section */

/* Begin PBXResourcesBuildPhase section */
		FFB73F2417E4B851006B3796 /* Resources */ = {
			isa = PBXResourcesBuildPhase;
			buildActionMask = 2147483647;
			files = (
				FFB83E3817E5F2DC0090EA9B /* sample.mov in Resources */,
				FFB73F3417E4B851006B3796 /* InfoPlist.strings in Resources */,
				FFB73F3C17E4B851006B3796 /* Images.xcassets in Resources */,
				FFB73F5C17E4B8A6006B3796 /* LFSCollectionViewController.xib in Resources */,
			);
			runOnlyForDeploymentPostprocessing = 0;
		};
/* End PBXResourcesBuildPhase section */

/* Begin PBXShellScriptBuildPhase section */
		3C23E36B9B9D482EBAB84173 /* Copy Pods Resources */ = {
			isa = PBXShellScriptBuildPhase;
			buildActionMask = 2147483647;
			files = (
			);
			inputPaths = (
			);
			name = "Copy Pods Resources";
			outputPaths = (
			);
			runOnlyForDeploymentPostprocessing = 0;
			shellPath = /bin/sh;
			shellScript = "\"${SRCROOT}/Pods/Pods-resources.sh\"\n";
			showEnvVarsInLog = 0;
		};
		5714F87FDB764B75A42391E8 /* Check Pods Manifest.lock */ = {
			isa = PBXShellScriptBuildPhase;
			buildActionMask = 2147483647;
			files = (
			);
			inputPaths = (
			);
			name = "Check Pods Manifest.lock";
			outputPaths = (
			);
			runOnlyForDeploymentPostprocessing = 0;
			shellPath = /bin/sh;
			shellScript = "diff \"${PODS_ROOT}/../Podfile.lock\" \"${PODS_ROOT}/Manifest.lock\" > /dev/null\nif [[ $? != 0 ]] ; then\n    cat << EOM\nerror: The sandbox is not in sync with the Podfile.lock. Run 'pod install' or update your CocoaPods installation.\nEOM\n    exit 1\nfi\n";
			showEnvVarsInLog = 0;
		};
/* End PBXShellScriptBuildPhase section */

/* Begin PBXSourcesBuildPhase section */
		FFB73F2217E4B851006B3796 /* Sources */ = {
			isa = PBXSourcesBuildPhase;
			buildActionMask = 2147483647;
			files = (
				FFB73F5B17E4B8A6006B3796 /* LFSCollectionViewController.m in Sources */,
				FFB73F3A17E4B851006B3796 /* LFSAppDelegate.m in Sources */,
				FFB83E3417E5F25A0090EA9B /* LFSMoviePlayerViewController.m in Sources */,
				FFB73F5F17E4BA82006B3796 /* LFSCollectionViewCell.m in Sources */,
				FFB73F3617E4B851006B3796 /* main.m in Sources */,
			);
			runOnlyForDeploymentPostprocessing = 0;
		};
/* End PBXSourcesBuildPhase section */

/* Begin PBXVariantGroup section */
		FFB73F3217E4B851006B3796 /* InfoPlist.strings */ = {
			isa = PBXVariantGroup;
			children = (
				FFB73F3317E4B851006B3796 /* en */,
			);
			name = InfoPlist.strings;
			sourceTree = "<group>";
		};
/* End PBXVariantGroup section */

/* Begin XCBuildConfiguration section */
		FFB73F5017E4B851006B3796 /* Debug */ = {
			isa = XCBuildConfiguration;
			buildSettings = {
				ALWAYS_SEARCH_USER_PATHS = NO;
				ARCHS = "$(ARCHS_STANDARD_INCLUDING_64_BIT)";
				CLANG_CXX_LANGUAGE_STANDARD = "gnu++0x";
				CLANG_CXX_LIBRARY = "libc++";
				CLANG_ENABLE_MODULES = YES;
				CLANG_ENABLE_OBJC_ARC = YES;
				CLANG_WARN_BOOL_CONVERSION = YES;
				CLANG_WARN_CONSTANT_CONVERSION = YES;
				CLANG_WARN_DIRECT_OBJC_ISA_USAGE = YES_ERROR;
				CLANG_WARN_EMPTY_BODY = YES;
				CLANG_WARN_ENUM_CONVERSION = YES;
				CLANG_WARN_INT_CONVERSION = YES;
				CLANG_WARN_OBJC_IMPLICIT_RETAIN_SELF = YES;
				CLANG_WARN_OBJC_ROOT_CLASS = YES_ERROR;
				CLANG_WARN__DUPLICATE_METHOD_MATCH = YES;
				"CODE_SIGN_IDENTITY[sdk=iphoneos*]" = "iPhone Developer";
				COPY_PHASE_STRIP = NO;
				GCC_C_LANGUAGE_STANDARD = gnu99;
				GCC_DYNAMIC_NO_PIC = NO;
				GCC_OPTIMIZATION_LEVEL = 0;
				GCC_PREPROCESSOR_DEFINITIONS = (
					"DEBUG=1",
					"$(inherited)",
				);
				GCC_SYMBOLS_PRIVATE_EXTERN = NO;
				GCC_WARN_64_TO_32_BIT_CONVERSION = YES;
				GCC_WARN_ABOUT_RETURN_TYPE = YES_ERROR;
				GCC_WARN_UNDECLARED_SELECTOR = YES;
				GCC_WARN_UNINITIALIZED_AUTOS = YES;
				GCC_WARN_UNUSED_FUNCTION = YES;
				GCC_WARN_UNUSED_VARIABLE = YES;
				IPHONEOS_DEPLOYMENT_TARGET = 7.0;
				ONLY_ACTIVE_ARCH = YES;
				SDKROOT = iphoneos;
			};
			name = Debug;
		};
		FFB73F5117E4B851006B3796 /* Release */ = {
			isa = XCBuildConfiguration;
			buildSettings = {
				ALWAYS_SEARCH_USER_PATHS = NO;
				ARCHS = "$(ARCHS_STANDARD_INCLUDING_64_BIT)";
				CLANG_CXX_LANGUAGE_STANDARD = "gnu++0x";
				CLANG_CXX_LIBRARY = "libc++";
				CLANG_ENABLE_MODULES = YES;
				CLANG_ENABLE_OBJC_ARC = YES;
				CLANG_WARN_BOOL_CONVERSION = YES;
				CLANG_WARN_CONSTANT_CONVERSION = YES;
				CLANG_WARN_DIRECT_OBJC_ISA_USAGE = YES_ERROR;
				CLANG_WARN_EMPTY_BODY = YES;
				CLANG_WARN_ENUM_CONVERSION = YES;
				CLANG_WARN_INT_CONVERSION = YES;
				CLANG_WARN_OBJC_IMPLICIT_RETAIN_SELF = YES;
				CLANG_WARN_OBJC_ROOT_CLASS = YES_ERROR;
				CLANG_WARN__DUPLICATE_METHOD_MATCH = YES;
				"CODE_SIGN_IDENTITY[sdk=iphoneos*]" = "iPhone Developer";
				COPY_PHASE_STRIP = YES;
				ENABLE_NS_ASSERTIONS = NO;
				GCC_C_LANGUAGE_STANDARD = gnu99;
				GCC_WARN_64_TO_32_BIT_CONVERSION = YES;
				GCC_WARN_ABOUT_RETURN_TYPE = YES_ERROR;
				GCC_WARN_UNDECLARED_SELECTOR = YES;
				GCC_WARN_UNINITIALIZED_AUTOS = YES;
				GCC_WARN_UNUSED_FUNCTION = YES;
				GCC_WARN_UNUSED_VARIABLE = YES;
				IPHONEOS_DEPLOYMENT_TARGET = 7.0;
				SDKROOT = iphoneos;
				VALIDATE_PRODUCT = YES;
			};
			name = Release;
		};
		FFB73F5317E4B851006B3796 /* Debug */ = {
			isa = XCBuildConfiguration;
			baseConfigurationReference = AAAD97F714524099B510F59F /* Pods.xcconfig */;
			buildSettings = {
				ASSETCATALOG_COMPILER_APPICON_NAME = AppIcon;
				ASSETCATALOG_COMPILER_LAUNCHIMAGE_NAME = LaunchImage;
				GCC_PRECOMPILE_PREFIX_HEADER = YES;
				GCC_PREFIX_HEADER = "LiveFrost-Sample/LiveFrost-Sample-Prefix.pch";
				INFOPLIST_FILE = "LiveFrost-Sample/LiveFrost-Sample-Info.plist";
				IPHONEOS_DEPLOYMENT_TARGET = 6.0;
				PRODUCT_NAME = "$(TARGET_NAME)";
				WRAPPER_EXTENSION = app;
			};
			name = Debug;
		};
		FFB73F5417E4B851006B3796 /* Release */ = {
			isa = XCBuildConfiguration;
			baseConfigurationReference = AAAD97F714524099B510F59F /* Pods.xcconfig */;
			buildSettings = {
				ASSETCATALOG_COMPILER_APPICON_NAME = AppIcon;
				ASSETCATALOG_COMPILER_LAUNCHIMAGE_NAME = LaunchImage;
				GCC_PRECOMPILE_PREFIX_HEADER = YES;
				GCC_PREFIX_HEADER = "LiveFrost-Sample/LiveFrost-Sample-Prefix.pch";
				INFOPLIST_FILE = "LiveFrost-Sample/LiveFrost-Sample-Info.plist";
				IPHONEOS_DEPLOYMENT_TARGET = 6.0;
				PRODUCT_NAME = "$(TARGET_NAME)";
				WRAPPER_EXTENSION = app;
			};
			name = Release;
		};
/* End XCBuildConfiguration section */

/* Begin XCConfigurationList section */
		FFB73F2117E4B850006B3796 /* Build configuration list for PBXProject "LiveFrost-Sample" */ = {
			isa = XCConfigurationList;
			buildConfigurations = (
				FFB73F5017E4B851006B3796 /* Debug */,
				FFB73F5117E4B851006B3796 /* Release */,
			);
			defaultConfigurationIsVisible = 0;
			defaultConfigurationName = Release;
		};
		FFB73F5217E4B851006B3796 /* Build configuration list for PBXNativeTarget "LiveFrost-Sample" */ = {
			isa = XCConfigurationList;
			buildConfigurations = (
				FFB73F5317E4B851006B3796 /* Debug */,
				FFB73F5417E4B851006B3796 /* Release */,
			);
			defaultConfigurationIsVisible = 0;
			defaultConfigurationName = Release;
		};
/* End XCConfigurationList section */
	};
	rootObject = FFB73F1E17E4B850006B3796 /* Project object */;
}
